# This file is automatically @generated by Cargo.
# It is not intended for manual editing.
version = 3

[[package]]
name = "box_dyn_error_trait"
version = "0.1.0"

[[package]]
name = "custom_error_enum"
version = "0.1.0"

[[package]]
name = "custom_trait"
version = "0.1.0"

[[package]]
name = "display_trait"
version = "0.1.0"

[[package]]
name = "enum_option"
version = "0.1.0"

[[package]]
name = "enum_result"
version = "0.1.0"

[[package]]
name = "enum_with_data"
version = "0.1.0"

[[package]]
name = "enum_with_structs"
version = "0.1.0"

[[package]]
name = "from_into"
version = "0.1.0"

[[package]]
name = "generic_trait_bounds"
version = "0.1.0"

[[package]]
name = "nested_structs"
version = "0.1.0"

[[package]]
name = "nums"
version = "0.1.0"

[[package]]
name = "struct_associated_funcs"
version = "0.1.0"

[[package]]
name = "struct_methods"
version = "0.1.0"

[[package]]
name = "struct_mut_methods"
version = "0.1.0"

[[package]]
name = "struct_mut_methods2"
version = "0.1.0"

[[package]]
name = "struct_option_field"
version = "0.1.0"

[[package]]
name = "structs"
version = "0.1.0"

[[package]]
name = "trait_dynamic_dispatch"
version = "0.1.0"

[[package]]
name = "tuple_structs"
version = "0.1.0"
